// !$*UTF8*$!
{
	archiveVersion = 1;
	classes = {
	};
	objectVersion = 46;
	objects = {

/* Begin PBXBuildFile section */
		EB5CD7621AD7240E00A7777A /* AppDelegate.swift in Sources */ = {isa = PBXBuildFile; fileRef = EB5CD7611AD7240E00A7777A /* AppDelegate.swift */; };
		EB5CD7641AD7240E00A7777A /* ViewController.swift in Sources */ = {isa = PBXBuildFile; fileRef = EB5CD7631AD7240E00A7777A /* ViewController.swift */; };
		EB5CD7671AD7240E00A7777A /* Main.storyboard in Resources */ = {isa = PBXBuildFile; fileRef = EB5CD7651AD7240E00A7777A /* Main.storyboard */; };
		EB5CD7691AD7240E00A7777A /* Images.xcassets in Resources */ = {isa = PBXBuildFile; fileRef = EB5CD7681AD7240E00A7777A /* Images.xcassets */; };
		EB5CD76C1AD7240E00A7777A /* LaunchScreen.xib in Resources */ = {isa = PBXBuildFile; fileRef = EB5CD76A1AD7240E00A7777A /* LaunchScreen.xib */; };
		EB5CD7781AD7240E00A7777A /* Calculadora2Tests.swift in Sources */ = {isa = PBXBuildFile; fileRef = EB5CD7771AD7240E00A7777A /* Calculadora2Tests.swift */; };
/* End PBXBuildFile section */

/* Begin PBXContainerItemProxy section */
		EB5CD7721AD7240E00A7777A /* PBXContainerItemProxy */ = {
			isa = PBXContainerItemProxy;
			containerPortal = EB5CD7541AD7240E00A7777A /* Project object */;
			proxyType = 1;
			remoteGlobalIDString = EB5CD75B1AD7240E00A7777A;
			remoteInfo = Calculadora2;
		};
/* End PBXContainerItemProxy section */

/* Begin PBXFileReference section */
		EB5CD75C1AD7240E00A7777A /* Calculadora2.app */ = {isa = PBXFileReference; explicitFileType = wrapper.application; includeInIndex = 0; path = Calculadora2.app; sourceTree = BUILT_PRODUCTS_DIR; };
		EB5CD7601AD7240E00A7777A /* Info.plist */ = {isa = PBXFileReference; lastKnownFileType = text.plist.xml; path = Info.plist; sourceTree = "<group>"; };
		EB5CD7611AD7240E00A7777A /* AppDelegate.swift */ = {isa = PBXFileReference; lastKnownFileType = sourcecode.swift; path = AppDelegate.swift; sourceTree = "<group>"; };
		EB5CD7631AD7240E00A7777A /* ViewController.swift */ = {isa = PBXFileReference; lastKnownFileType = sourcecode.swift; path = ViewController.swift; sourceTree = "<group>"; };
		EB5CD7661AD7240E00A7777A /* Base */ = {isa = PBXFileReference; lastKnownFileType = file.storyboard; name = Base; path = Base.lproj/Main.storyboard; sourceTree = "<group>"; };
		EB5CD7681AD7240E00A7777A /* Images.xcassets */ = {isa = PBXFileReference; lastKnownFileType = folder.assetcatalog; path = Images.xcassets; sourceTree = "<group>"; };
		EB5CD76B1AD7240E00A7777A /* Base */ = {isa = PBXFileReference; lastKnownFileType = file.xib; name = Base; path = Base.lproj/LaunchScreen.xib; sourceTree = "<group>"; };
		EB5CD7711AD7240E00A7777A /* Calculadora2Tests.xctest */ = {isa = PBXFileReference; explicitFileType = wrapper.cfbundle; includeInIndex = 0; path = Calculadora2Tests.xctest; sourceTree = BUILT_PRODUCTS_DIR; };
		EB5CD7761AD7240E00A7777A /* Info.plist */ = {isa = PBXFileReference; lastKnownFileType = text.plist.xml; path = Info.plist; sourceTree = "<group>"; };
		EB5CD7771AD7240E00A7777A /* Calculadora2Tests.swift */ = {isa = PBXFileReference; lastKnownFileType = sourcecode.swift; path = Calculadora2Tests.swift; sourceTree = "<group>"; };
/* End PBXFileReference section */

/* Begin PBXFrameworksBuildPhase section */
		EB5CD7591AD7240E00A7777A /* Frameworks */ = {
			isa = PBXFrameworksBuildPhase;
			buildActionMask = 2147483647;
			files = (
			);
			runOnlyForDeploymentPostprocessing = 0;
		};
		EB5CD76E1AD7240E00A7777A /* Frameworks */ = {
			isa = PBXFrameworksBuildPhase;
			buildActionMask = 2147483647;
			files = (
			);
			runOnlyForDeploymentPostprocessing = 0;
		};
/* End PBXFrameworksBuildPhase section */

/* Begin PBXGroup section */
		EB5CD7531AD7240E00A7777A = {
			isa = PBXGroup;
			children = (
				EB5CD75E1AD7240E00A7777A /* Calculadora2 */,
				EB5CD7741AD7240E00A7777A /* Calculadora2Tests */,
				EB5CD75D1AD7240E00A7777A /* Products */,
			);
			sourceTree = "<group>";
		};
		EB5CD75D1AD7240E00A7777A /* Products */ = {
			isa = PBXGroup;
			children = (
				EB5CD75C1AD7240E00A7777A /* Calculadora2.app */,
				EB5CD7711AD7240E00A7777A /* Calculadora2Tests.xctest */,
			);
			name = Products;
			sourceTree = "<group>";
		};
		EB5CD75E1AD7240E00A7777A /* Calculadora2 */ = {
			isa = PBXGroup;
			children = (
				EB5CD7611AD7240E00A7777A /* AppDelegate.swift */,
				EB5CD7631AD7240E00A7777A /* ViewController.swift */,
				EB5CD7651AD7240E00A7777A /* Main.storyboard */,
				EB5CD7681AD7240E00A7777A /* Images.xcassets */,
				EB5CD76A1AD7240E00A7777A /* LaunchScreen.xib */,
				EB5CD75F1AD7240E00A7777A /* Supporting Files */,
			);
			path = Calculadora2;
			sourceTree = "<group>";
		};
		EB5CD75F1AD7240E00A7777A /* Supporting Files */ = {
			isa = PBXGroup;
			children = (
				EB5CD7601AD7240E00A7777A /* Info.plist */,
			);
			name = "Supporting Files";
			sourceTree = "<group>";
		};
		EB5CD7741AD7240E00A7777A /* Calculadora2Tests */ = {
			isa = PBXGroup;
			children = (
				EB5CD7771AD7240E00A7777A /* Calculadora2Tests.swift */,
				EB5CD7751AD7240E00A7777A /* Supporting Files */,
			);
			path = Calculadora2Tests;
			sourceTree = "<group>";
		};
		EB5CD7751AD7240E00A7777A /* Supporting Files */ = {
			isa = PBXGroup;
			children = (
				EB5CD7761AD7240E00A7777A /* Info.plist */,
			);
			name = "Supporting Files";
			sourceTree = "<group>";
		};
/* End PBXGroup section */

/* Begin PBXNativeTarget section */
		EB5CD75B1AD7240E00A7777A /* Calculadora2 */ = {
			isa = PBXNativeTarget;
			buildConfigurationList = EB5CD77B1AD7240E00A7777A /* Build configuration list for PBXNativeTarget "Calculadora2" */;
			buildPhases = (
				EB5CD7581AD7240E00A7777A /* Sources */,
				EB5CD7591AD7240E00A7777A /* Frameworks */,
				EB5CD75A1AD7240E00A7777A /* Resources */,
			);
			buildRules = (
			);
			dependencies = (
			);
			name = Calculadora2;
			productName = Calculadora2;
			productReference = EB5CD75C1AD7240E00A7777A /* Calculadora2.app */;
			productType = "com.apple.product-type.application";
		};
		EB5CD7701AD7240E00A7777A /* Calculadora2Tests */ = {
			isa = PBXNativeTarget;
			buildConfigurationList = EB5CD77E1AD7240E00A7777A /* Build configuration list for PBXNativeTarget "Calculadora2Tests" */;
			buildPhases = (
				EB5CD76D1AD7240E00A7777A /* Sources */,
				EB5CD76E1AD7240E00A7777A /* Frameworks */,
				EB5CD76F1AD7240E00A7777A /* Resources */,
			);
			buildRules = (
			);
			dependencies = (
				EB5CD7731AD7240E00A7777A /* PBXTargetDependency */,
			);
			name = Calculadora2Tests;
			productName = Calculadora2Tests;
			productReference = EB5CD7711AD7240E00A7777A /* Calculadora2Tests.xctest */;
			productType = "com.apple.product-type.bundle.unit-test";
		};
/* End PBXNativeTarget section */

/* Begin PBXProject section */
		EB5CD7541AD7240E00A7777A /* Project object */ = {
			isa = PBXProject;
			attributes = {
				LastUpgradeCheck = 0630;
				ORGANIZATIONNAME = "Vitor Kawai Sala";
				TargetAttributes = {
					EB5CD75B1AD7240E00A7777A = {
						CreatedOnToolsVersion = 6.3;
					};
					EB5CD7701AD7240E00A7777A = {
						CreatedOnToolsVersion = 6.3;
						TestTargetID = EB5CD75B1AD7240E00A7777A;
					};
				};
			};
			buildConfigurationList = EB5CD7571AD7240E00A7777A /* Build configuration list for PBXProject "Calculadora2" */;
			compatibilityVersion = "Xcode 3.2";
			developmentRegion = English;
			hasScannedForEncodings = 0;
			knownRegions = (
				en,
				Base,
			);
			mainGroup = EB5CD7531AD7240E00A7777A;
			productRefGroup = EB5CD75D1AD7240E00A7777A /* Products */;
			projectDirPath = "";
			projectRoot = "";
			targets = (
				EB5CD75B1AD7240E00A7777A /* Calculadora2 */,
				EB5CD7701AD7240E00A7777A /* Calculadora2Tests */,
			);
		};
/* End PBXProject section */

/* Begin PBXResourcesBuildPhase section */
		EB5CD75A1AD7240E00A7777A /* Resources */ = {
			isa = PBXResourcesBuildPhase;
			buildActionMask = 2147483647;
			files = (
				EB5CD7671AD7240E00A7777A /* Main.storyboard in Resources */,
				EB5CD76C1AD7240E00A7777A /* LaunchScreen.xib in Resources */,
				EB5CD7691AD7240E00A7777A /* Images.xcassets in Resources */,
			);
			runOnlyForDeploymentPostprocessing = 0;
		};
		EB5CD76F1AD7240E00A7777A /* Resources */ = {
			isa = PBXResourcesBuildPhase;
			buildActionMask = 2147483647;
			files = (
			);
			runOnlyForDeploymentPostprocessing = 0;
		};
/* End PBXResourcesBuildPhase section */

/* Begin PBXSourcesBuildPhase section */
		EB5CD7581AD7240E00A7777A /* Sources */ = {
			isa = PBXSourcesBuildPhase;
			buildActionMask = 2147483647;
			files = (
				EB5CD7641AD7240E00A7777A /* ViewController.swift in Sources */,
				EB5CD7621AD7240E00A7777A /* AppDelegate.swift in Sources */,
			);
			runOnlyForDeploymentPostprocessing = 0;
		};
		EB5CD76D1AD7240E00A7777A /* Sources */ = {
			isa = PBXSourcesBuildPhase;
			buildActionMask = 2147483647;
			files = (
				EB5CD7781AD7240E00A7777A /* Calculadora2Tests.swift in Sources */,
			);
			runOnlyForDeploymentPostprocessing = 0;
		};
/* End PBXSourcesBuildPhase section */

/* Begin PBXTargetDependency section */
		EB5CD7731AD7240E00A7777A /* PBXTargetDependency */ = {
			isa = PBXTargetDependency;
			target = EB5CD75B1AD7240E00A7777A /* Calculadora2 */;
			targetProxy = EB5CD7721AD7240E00A7777A /* PBXContainerItemProxy */;
		};
/* End PBXTargetDependency section */

/* Begin PBXVariantGroup section */
		EB5CD7651AD7240E00A7777A /* Main.storyboard */ = {
			isa = PBXVariantGroup;
			children = (
				EB5CD7661AD7240E00A7777A /* Base */,
			);
			name = Main.storyboard;
			sourceTree = "<group>";
		};
		EB5CD76A1AD7240E00A7777A /* LaunchScreen.xib */ = {
			isa = PBXVariantGroup;
			children = (
				EB5CD76B1AD7240E00A7777A /* Base */,
			);
			name = LaunchScreen.xib;
			sourceTree = "<group>";
		};
/* End PBXVariantGroup section */

/* Begin XCBuildConfiguration section */
		EB5CD7791AD7240E00A7777A /* Debug */ = {
			isa = XCBuildConfiguration;
			buildSettings = {
				ALWAYS_SEARCH_USER_PATHS = NO;
				CLANG_CXX_LANGUAGE_STANDARD = "gnu++0x";
				CLANG_CXX_LIBRARY = "libc++";
				CLANG_ENABLE_MODULES = YES;
				CLANG_ENABLE_OBJC_ARC = YES;
				CLANG_WARN_BOOL_CONVERSION = YES;
				CLANG_WARN_CONSTANT_CONVERSION = YES;
				CLANG_WARN_DIRECT_OBJC_ISA_USAGE = YES_ERROR;
				CLANG_WARN_EMPTY_BODY = YES;
				CLANG_WARN_ENUM_CONVERSION = YES;
				CLANG_WARN_INT_CONVERSION = YES;
				CLANG_WARN_OBJC_ROOT_CLASS = YES_ERROR;
				CLANG_WARN_UNREACHABLE_CODE = YES;
				CLANG_WARN__DUPLICATE_METHOD_MATCH = YES;
				"CODE_SIGN_IDENTITY[sdk=iphoneos*]" = "iPhone Developer";
				COPY_PHASE_STRIP = NO;
				DEBUG_INFORMATION_FORMAT = "dwarf-with-dsym";
				ENABLE_STRICT_OBJC_MSGSEND = YES;
				GCC_C_LANGUAGE_STANDARD = gnu99;
				GCC_DYNAMIC_NO_PIC = NO;
				GCC_NO_COMMON_BLOCKS = YES;
				GCC_OPTIMIZATION_LEVEL = 0;
				GCC_PREPROCESSOR_DEFINITIONS = (
					"DEBUG=1",
					"$(inherited)",
				);
				GCC_SYMBOLS_PRIVATE_EXTERN = NO;
				GCC_WARN_64_TO_32_BIT_CONVERSION = YES;
				GCC_WARN_ABOUT_RETURN_TYPE = YES_ERROR;
				GCC_WARN_UNDECLARED_SELECTOR = YES;
				GCC_WARN_UNINITIALIZED_AUTOS = YES_AGGRESSIVE;
				GCC_WARN_UNUSED_FUNCTION = YES;
				GCC_WARN_UNUSED_VARIABLE = YES;
				IPHONEOS_DEPLOYMENT_TARGET = 8.3;
				MTL_ENABLE_DEBUG_INFO = YES;
				ONLY_ACTIVE_ARCH = YES;
				SDKROOT = iphoneos;
				SWIFT_OPTIMIZATION_LEVEL = "-Onone";
				TARGETED_DEVICE_FAMILY = "1,2";
			};
			name = Debug;
		};
		EB5CD77A1AD7240E00A7777A /* Release */ = {
			isa = XCBuildConfiguration;
			buildSettings = {
				ALWAYS_SEARCH_USER_PATHS = NO;
				CLANG_CXX_LANGUAGE_STANDARD = "gnu++0x";
				CLANG_CXX_LIBRARY = "libc++";
				CLANG_ENABLE_MODULES = YES;
				CLANG_ENABLE_OBJC_ARC = YES;
				CLANG_WARN_BOOL_CONVERSION = YES;
				CLANG_WARN_CONSTANT_CONVERSION = YES;
				CLANG_WARN_DIRECT_OBJC_ISA_USAGE = YES_ERROR;
				CLANG_WARN_EMPTY_BODY = YES;
				CLANG_WARN_ENUM_CONVERSION = YES;
				CLANG_WARN_INT_CONVERSION = YES;
				CLANG_WARN_OBJC_ROOT_CLASS = YES_ERROR;
				CLANG_WARN_UNREACHABLE_CODE = YES;
				CLANG_WARN__DUPLICATE_METHOD_MATCH = YES;
				"CODE_SIGN_IDENTITY[sdk=iphoneos*]" = "iPhone Developer";
				COPY_PHASE_STRIP = NO;
				DEBUG_INFORMATION_FORMAT = "dwarf-with-dsym";
				ENABLE_NS_ASSERTIONS = NO;
				ENABLE_STRICT_OBJC_MSGSEND = YES;
				GCC_C_LANGUAGE_STANDARD = gnu99;
				GCC_NO_COMMON_BLOCKS = YES;
				GCC_WARN_64_TO_32_BIT_CONVERSION = YES;
				GCC_WARN_ABOUT_RETURN_TYPE = YES_ERROR;
				GCC_WARN_UNDECLARED_SELECTOR = YES;
				GCC_WARN_UNINITIALIZED_AUTOS = YES_AGGRESSIVE;
				GCC_WARN_UNUSED_FUNCTION = YES;
				GCC_WARN_UNUSED_VARIABLE = YES;
				IPHONEOS_DEPLOYMENT_TARGET = 8.3;
				MTL_ENABLE_DEBUG_INFO = NO;
				SDKROOT = iphoneos;
				TARGETED_DEVICE_FAMILY = "1,2";
				VALIDATE_PRODUCT = YES;
			};
			name = Release;
		};
		EB5CD77C1AD7240E00A7777A /* Debug */ = {
			isa = XCBuildConfiguration;
			buildSettings = {
				ASSETCATALOG_COMPILER_APPICON_NAME = AppIcon;
				INFOPLIST_FILE = Calculadora2/Info.plist;
				LD_RUNPATH_SEARCH_PATHS = "$(inherited) @executable_path/Frameworks";
				PRODUCT_NAME = "$(TARGET_NAME)";
			};
			name = Debug;
		};
		EB5CD77D1AD7240E00A7777A /* Release */ = {
			isa = XCBuildConfiguration;
			buildSettings = {
				ASSETCATALOG_COMPILER_APPICON_NAME = AppIcon;
				INFOPLIST_FILE = Calculadora2/Info.plist;
				LD_RUNPATH_SEARCH_PATHS = "$(inherited) @executable_path/Frameworks";
				PRODUCT_NAME = "$(TARGET_NAME)";
			};
			name = Release;
		};
		EB5CD77F1AD7240E00A7777A /* Debug */ = {
			isa = XCBuildConfiguration;
			buildSettings = {
				BUNDLE_LOADER = "$(TEST_HOST)";
				FRAMEWORK_SEARCH_PATHS = (
					"$(SDKROOT)/Developer/Library/Frameworks",
					"$(inherited)",
				);
				GCC_PREPROCESSOR_DEFINITIONS = (
					"DEBUG=1",
					"$(inherited)",
				);
				INFOPLIST_FILE = Calculadora2Tests/Info.plist;
				LD_RUNPATH_SEARCH_PATHS = "$(inherited) @executable_path/Frameworks @loader_path/Frameworks";
				PRODUCT_NAME = "$(TARGET_NAME)";
				TEST_HOST = "$(BUILT_PRODUCTS_DIR)/Calculadora2.app/Calculadora2";
			};
			name = Debug;
		};
		EB5CD7801AD7240E00A7777A /* Release */ = {
			isa = XCBuildConfiguration;
			buildSettings = {
				BUNDLE_LOADER = "$(TEST_HOST)";
				FRAMEWORK_SEARCH_PATHS = (
					"$(SDKROOT)/Developer/Library/Frameworks",
					"$(inherited)",
				);
				INFOPLIST_FILE = Calculadora2Tests/Info.plist;
				LD_RUNPATH_SEARCH_PATHS = "$(inherited) @executable_path/Frameworks @loader_path/Frameworks";
				PRODUCT_NAME = "$(TARGET_NAME)";
				TEST_HOST = "$(BUILT_PRODUCTS_DIR)/Calculadora2.app/Calculadora2";
			};
			name = Release;
		};
/* End XCBuildConfiguration section */

/* Begin XCConfigurationList section */
		EB5CD7571AD7240E00A7777A /* Build configuration list for PBXProject "Calculadora2" */ = {
			isa = XCConfigurationList;
			buildConfigurations = (
				EB5CD7791AD7240E00A7777A /* Debug */,
				EB5CD77A1AD7240E00A7777A /* Release */,
			);
			defaultConfigurationIsVisible = 0;
			defaultConfigurationName = Release;
		};
		EB5CD77B1AD7240E00A7777A /* Build configuration list for PBXNativeTarget "Calculadora2" */ = {
			isa = XCConfigurationList;
			buildConfigurations = (
				EB5CD77C1AD7240E00A7777A /* Debug */,
				EB5CD77D1AD7240E00A7777A /* Release */,
			);
			defaultConfigurationIsVisible = 0;
		};
		EB5CD77E1AD7240E00A7777A /* Build configuration list for PBXNativeTarget "Calculadora2Tests" */ = {
			isa = XCConfigurationList;
			buildConfigurations = (
				EB5CD77F1AD7240E00A7777A /* Debug */,
				EB5CD7801AD7240E00A7777A /* Release */,
			);
			defaultConfigurationIsVisible = 0;
		};
/* End XCConfigurationList section */
	};
	rootObject = EB5CD7541AD7240E00A7777A /* Project object */;
}
